
Microsoft Visual Studio Solution File, Format Version 11.00
# Visual Studio 2010
Project("{8BC9CEB8-8B4A-11D0-8D11-00A0C91BC942}") = "EDUReViver", "EDUReViver\EDUReViver.vcxproj", "{F9C11080-C18C-4D6D-AC7F-5A5A53FDF613}"
EndProject
Global
	GlobalSection(SolutionConfigurationPlatforms) = preSolution
		Debug|Win32 = Debug|Win32
		Release|Win32 = Release|Win32
	EndGlobalSection
	GlobalSection(ProjectConfigurationPlatforms) = postSolution
		{F9C11080-C18C-4D6D-AC7F-5A5A53FDF613}.Debug|Win32.ActiveCfg = Debug|Win32
		{F9C11080-C18C-4D6D-AC7F-5A5A53FDF613}.Debug|Win32.Build.0 = Debug|Win32
		{F9C11080-C18C-4D6D-AC7F-5A5A53FDF613}.Release|Win32.ActiveCfg = Release|Win32
		{F9C11080-C18C-4D6D-AC7F-5A5A53FDF613}.Release|Win32.Build.0 = Release|Win32
	EndGlobalSection
	GlobalSection(SolutionProperties) = preSolution
		HideSolutionNode = FALSE
	EndGlobalSection
EndGlobal
